
Microsoft Visual Studio Solution File, Format Version 12.00
# Visual Studio 15
VisualStudioVersion = 15.0.26403.7
MinimumVisualStudioVersion = 10.0.40219.1
Project("{FAE04EC0-301F-11D3-BF4B-00C04F79EFBC}") = "Calculator", "Calculator\Calculator.csproj", "{FC1B9DB5-B62A-471C-989E-2875D507D79F}"
EndProject
Project("{FAE04EC0-301F-11D3-BF4B-00C04F79EFBC}") = "CalculatorTestSuite", "CalculatorTestSuite\CalculatorTestSuite.csproj", "{E07B3E6F-8D73-48D9-936B-DFACEAE9231A}"
EndProject
Global
	GlobalSection(SolutionConfigurationPlatforms) = preSolution
		Debug|Any CPU = Debug|Any CPU
		Release|Any CPU = Release|Any CPU
	EndGlobalSection
	GlobalSection(ProjectConfigurationPlatforms) = postSolution
		{FC1B9DB5-B62A-471C-989E-2875D507D79F}.Debug|Any CPU.ActiveCfg = Debug|Any CPU
		{FC1B9DB5-B62A-471C-989E-2875D507D79F}.Debug|Any CPU.Build.0 = Debug|Any CPU
		{FC1B9DB5-B62A-471C-989E-2875D507D79F}.Release|Any CPU.ActiveCfg = Release|Any CPU
		{FC1B9DB5-B62A-471C-989E-2875D507D79F}.Release|Any CPU.Build.0 = Release|Any CPU
		{E07B3E6F-8D73-48D9-936B-DFACEAE9231A}.Debug|Any CPU.ActiveCfg = Debug|Any CPU
		{E07B3E6F-8D73-48D9-936B-DFACEAE9231A}.Debug|Any CPU.Build.0 = Debug|Any CPU
		{E07B3E6F-8D73-48D9-936B-DFACEAE9231A}.Release|Any CPU.ActiveCfg = Release|Any CPU
		{E07B3E6F-8D73-48D9-936B-DFACEAE9231A}.Release|Any CPU.Build.0 = Release|Any CPU
	EndGlobalSection
	GlobalSection(SolutionProperties) = preSolution
		HideSolutionNode = FALSE
	EndGlobalSection
	GlobalSection(ExtensibilityGlobals) = postSolution
		SolutionGuid = {17228182-8C19-45A7-BEAD-AD125CF62B33}
	EndGlobalSection
EndGlobal
